// !$*UTF8*$!
{
	archiveVersion = 1;
	classes = {
	};
	objectVersion = 56;
	objects = {

/* Begin PBXBuildFile section */
		4B13FC9728FB6F3E00C0F994 /* NetworkService.swift in Sources */ = {isa = PBXBuildFile; fileRef = 4B13FC9628FB6F3E00C0F994 /* NetworkService.swift */; };
		4B13FC9928FB6F8E00C0F994 /* APIError.swift in Sources */ = {isa = PBXBuildFile; fileRef = 4B13FC9828FB6F8E00C0F994 /* APIError.swift */; };
		4B13FC9B28FB70AD00C0F994 /* DataOutput.swift in Sources */ = {isa = PBXBuildFile; fileRef = 4B13FC9A28FB70AD00C0F994 /* DataOutput.swift */; };
		4B13FC9D28FB711000C0F994 /* APIService.swift in Sources */ = {isa = PBXBuildFile; fileRef = 4B13FC9C28FB711000C0F994 /* APIService.swift */; };
		4B13FC9F28FB7B1200C0F994 /* ToiletViewModel.swift in Sources */ = {isa = PBXBuildFile; fileRef = 4B13FC9E28FB7B1200C0F994 /* ToiletViewModel.swift */; };
		4B3759B228F962E4002F633B /* ToiletTableViewCell.swift in Sources */ = {isa = PBXBuildFile; fileRef = 4B3759B128F962E4002F633B /* ToiletTableViewCell.swift */; };
		4B3759B528F96460002F633B /* UIViewPreview.swift in Sources */ = {isa = PBXBuildFile; fileRef = 4B3759B428F96460002F633B /* UIViewPreview.swift */; };
		4B3759B728F96470002F633B /* UIViewControllerPreview.swift in Sources */ = {isa = PBXBuildFile; fileRef = 4B3759B628F96470002F633B /* UIViewControllerPreview.swift */; };
		4B7BD6D428F765F200CEF11E /* AppDelegate.swift in Sources */ = {isa = PBXBuildFile; fileRef = 4B7BD6D328F765F200CEF11E /* AppDelegate.swift */; };
		4B7BD6D628F765F200CEF11E /* SceneDelegate.swift in Sources */ = {isa = PBXBuildFile; fileRef = 4B7BD6D528F765F200CEF11E /* SceneDelegate.swift */; };
		4B7BD6D828F765F200CEF11E /* HomeViewController.swift in Sources */ = {isa = PBXBuildFile; fileRef = 4B7BD6D728F765F200CEF11E /* HomeViewController.swift */; };
		4B7BD6DD28F765F300CEF11E /* Assets.xcassets in Resources */ = {isa = PBXBuildFile; fileRef = 4B7BD6DC28F765F300CEF11E /* Assets.xcassets */; };
		4B7BD6E028F765F300CEF11E /* LaunchScreen.storyboard in Resources */ = {isa = PBXBuildFile; fileRef = 4B7BD6DE28F765F300CEF11E /* LaunchScreen.storyboard */; };
/* End PBXBuildFile section */

/* Begin PBXFileReference section */
		4B13FC9628FB6F3E00C0F994 /* NetworkService.swift */ = {isa = PBXFileReference; lastKnownFileType = sourcecode.swift; path = NetworkService.swift; sourceTree = "<group>"; };
		4B13FC9828FB6F8E00C0F994 /* APIError.swift */ = {isa = PBXFileReference; lastKnownFileType = sourcecode.swift; path = APIError.swift; sourceTree = "<group>"; };
		4B13FC9A28FB70AD00C0F994 /* DataOutput.swift */ = {isa = PBXFileReference; lastKnownFileType = sourcecode.swift; path = DataOutput.swift; sourceTree = "<group>"; };
		4B13FC9C28FB711000C0F994 /* APIService.swift */ = {isa = PBXFileReference; lastKnownFileType = sourcecode.swift; path = APIService.swift; sourceTree = "<group>"; };
		4B13FC9E28FB7B1200C0F994 /* ToiletViewModel.swift */ = {isa = PBXFileReference; lastKnownFileType = sourcecode.swift; path = ToiletViewModel.swift; sourceTree = "<group>"; };
		4B3759B128F962E4002F633B /* ToiletTableViewCell.swift */ = {isa = PBXFileReference; lastKnownFileType = sourcecode.swift; path = ToiletTableViewCell.swift; sourceTree = "<group>"; };
		4B3759B428F96460002F633B /* UIViewPreview.swift */ = {isa = PBXFileReference; lastKnownFileType = sourcecode.swift; path = UIViewPreview.swift; sourceTree = "<group>"; };
		4B3759B628F96470002F633B /* UIViewControllerPreview.swift */ = {isa = PBXFileReference; lastKnownFileType = sourcecode.swift; path = UIViewControllerPreview.swift; sourceTree = "<group>"; };
		4B7BD6D028F765F200CEF11E /* ToiletsAppTestUIKit.app */ = {isa = PBXFileReference; explicitFileType = wrapper.application; includeInIndex = 0; path = ToiletsAppTestUIKit.app; sourceTree = BUILT_PRODUCTS_DIR; };
		4B7BD6D328F765F200CEF11E /* AppDelegate.swift */ = {isa = PBXFileReference; lastKnownFileType = sourcecode.swift; path = AppDelegate.swift; sourceTree = "<group>"; };
		4B7BD6D528F765F200CEF11E /* SceneDelegate.swift */ = {isa = PBXFileReference; lastKnownFileType = sourcecode.swift; path = SceneDelegate.swift; sourceTree = "<group>"; };
		4B7BD6D728F765F200CEF11E /* HomeViewController.swift */ = {isa = PBXFileReference; lastKnownFileType = sourcecode.swift; path = HomeViewController.swift; sourceTree = "<group>"; };
		4B7BD6DC28F765F300CEF11E /* Assets.xcassets */ = {isa = PBXFileReference; lastKnownFileType = folder.assetcatalog; path = Assets.xcassets; sourceTree = "<group>"; };
		4B7BD6DF28F765F300CEF11E /* Base */ = {isa = PBXFileReference; lastKnownFileType = file.storyboard; name = Base; path = Base.lproj/LaunchScreen.storyboard; sourceTree = "<group>"; };
		4B7BD6E128F765F300CEF11E /* Info.plist */ = {isa = PBXFileReference; lastKnownFileType = text.plist.xml; path = Info.plist; sourceTree = "<group>"; };
/* End PBXFileReference section */

/* Begin PBXFrameworksBuildPhase section */
		4B7BD6CD28F765F200CEF11E /* Frameworks */ = {
			isa = PBXFrameworksBuildPhase;
			buildActionMask = 2147483647;
			files = (
			);
			runOnlyForDeploymentPostprocessing = 0;
		};
/* End PBXFrameworksBuildPhase section */

/* Begin PBXGroup section */
		4B13FC9528FB6F2600C0F994 /* Service */ = {
			isa = PBXGroup;
			children = (
				4B13FC9628FB6F3E00C0F994 /* NetworkService.swift */,
				4B13FC9828FB6F8E00C0F994 /* APIError.swift */,
				4B13FC9C28FB711000C0F994 /* APIService.swift */,
			);
			path = Service;
			sourceTree = "<group>";
		};
		4B3759B328F96441002F633B /* UIKitPreviews */ = {
			isa = PBXGroup;
			children = (
				4B3759B428F96460002F633B /* UIViewPreview.swift */,
				4B3759B628F96470002F633B /* UIViewControllerPreview.swift */,
			);
			path = UIKitPreviews;
			sourceTree = "<group>";
		};
		4B7BD6C728F765F200CEF11E = {
			isa = PBXGroup;
			children = (
				4B7BD6D228F765F200CEF11E /* ToiletsAppTestUIKit */,
				4B7BD6D128F765F200CEF11E /* Products */,
			);
			sourceTree = "<group>";
		};
		4B7BD6D128F765F200CEF11E /* Products */ = {
			isa = PBXGroup;
			children = (
				4B7BD6D028F765F200CEF11E /* ToiletsAppTestUIKit.app */,
			);
			name = Products;
			sourceTree = "<group>";
		};
		4B7BD6D228F765F200CEF11E /* ToiletsAppTestUIKit */ = {
			isa = PBXGroup;
			children = (
				4B13FC9528FB6F2600C0F994 /* Service */,
				4BB0873A28FA0CD000D4454D /* Model */,
				4B3759B328F96441002F633B /* UIKitPreviews */,
				4B7BD6D328F765F200CEF11E /* AppDelegate.swift */,
				4B7BD6D528F765F200CEF11E /* SceneDelegate.swift */,
				4B7BD6D728F765F200CEF11E /* HomeViewController.swift */,
				4B7BD6DC28F765F300CEF11E /* Assets.xcassets */,
				4B7BD6DE28F765F300CEF11E /* LaunchScreen.storyboard */,
				4B7BD6E128F765F300CEF11E /* Info.plist */,
				4B3759B128F962E4002F633B /* ToiletTableViewCell.swift */,
				4B13FC9E28FB7B1200C0F994 /* ToiletViewModel.swift */,
			);
			path = ToiletsAppTestUIKit;
			sourceTree = "<group>";
		};
		4BB0873A28FA0CD000D4454D /* Model */ = {
			isa = PBXGroup;
			children = (
				4B13FC9A28FB70AD00C0F994 /* DataOutput.swift */,
			);
			path = Model;
			sourceTree = "<group>";
		};
/* End PBXGroup section */

/* Begin PBXNativeTarget section */
		4B7BD6CF28F765F200CEF11E /* ToiletsAppTestUIKit */ = {
			isa = PBXNativeTarget;
			buildConfigurationList = 4B7BD6E428F765F300CEF11E /* Build configuration list for PBXNativeTarget "ToiletsAppTestUIKit" */;
			buildPhases = (
				4B7BD6CC28F765F200CEF11E /* Sources */,
				4B7BD6CD28F765F200CEF11E /* Frameworks */,
				4B7BD6CE28F765F200CEF11E /* Resources */,
			);
			buildRules = (
			);
			dependencies = (
			);
			name = ToiletsAppTestUIKit;
			productName = ToiletsAppTestUIKit;
			productReference = 4B7BD6D028F765F200CEF11E /* ToiletsAppTestUIKit.app */;
			productType = "com.apple.product-type.application";
		};
/* End PBXNativeTarget section */

/* Begin PBXProject section */
		4B7BD6C828F765F200CEF11E /* Project object */ = {
			isa = PBXProject;
			attributes = {
				BuildIndependentTargetsInParallel = 1;
				LastSwiftUpdateCheck = 1400;
				LastUpgradeCheck = 1400;
				TargetAttributes = {
					4B7BD6CF28F765F200CEF11E = {
						CreatedOnToolsVersion = 14.0.1;
					};
				};
			};
			buildConfigurationList = 4B7BD6CB28F765F200CEF11E /* Build configuration list for PBXProject "ToiletsAppTestUIKit" */;
			compatibilityVersion = "Xcode 14.0";
			developmentRegion = en;
			hasScannedForEncodings = 0;
			knownRegions = (
				en,
				Base,
			);
			mainGroup = 4B7BD6C728F765F200CEF11E;
			productRefGroup = 4B7BD6D128F765F200CEF11E /* Products */;
			projectDirPath = "";
			projectRoot = "";
			targets = (
				4B7BD6CF28F765F200CEF11E /* ToiletsAppTestUIKit */,
			);
		};
/* End PBXProject section */

/* Begin PBXResourcesBuildPhase section */
		4B7BD6CE28F765F200CEF11E /* Resources */ = {
			isa = PBXResourcesBuildPhase;
			buildActionMask = 2147483647;
			files = (
				4B7BD6E028F765F300CEF11E /* LaunchScreen.storyboard in Resources */,
				4B7BD6DD28F765F300CEF11E /* Assets.xcassets in Resources */,
			);
			runOnlyForDeploymentPostprocessing = 0;
		};
/* End PBXResourcesBuildPhase section */

/* Begin PBXSourcesBuildPhase section */
		4B7BD6CC28F765F200CEF11E /* Sources */ = {
			isa = PBXSourcesBuildPhase;
			buildActionMask = 2147483647;
			files = (
				4B13FC9B28FB70AD00C0F994 /* DataOutput.swift in Sources */,
				4B3759B528F96460002F633B /* UIViewPreview.swift in Sources */,
				4B3759B728F96470002F633B /* UIViewControllerPreview.swift in Sources */,
				4B3759B228F962E4002F633B /* ToiletTableViewCell.swift in Sources */,
				4B7BD6D828F765F200CEF11E /* HomeViewController.swift in Sources */,
				4B7BD6D428F765F200CEF11E /* AppDelegate.swift in Sources */,
				4B13FC9D28FB711000C0F994 /* APIService.swift in Sources */,
				4B13FC9928FB6F8E00C0F994 /* APIError.swift in Sources */,
				4B7BD6D628F765F200CEF11E /* SceneDelegate.swift in Sources */,
				4B13FC9F28FB7B1200C0F994 /* ToiletViewModel.swift in Sources */,
				4B13FC9728FB6F3E00C0F994 /* NetworkService.swift in Sources */,
			);
			runOnlyForDeploymentPostprocessing = 0;
		};
/* End PBXSourcesBuildPhase section */

/* Begin PBXVariantGroup section */
		4B7BD6DE28F765F300CEF11E /* LaunchScreen.storyboard */ = {
			isa = PBXVariantGroup;
			children = (
				4B7BD6DF28F765F300CEF11E /* Base */,
			);
			name = LaunchScreen.storyboard;
			sourceTree = "<group>";
		};
/* End PBXVariantGroup section */

/* Begin XCBuildConfiguration section */
		4B7BD6E228F765F300CEF11E /* Debug */ = {
			isa = XCBuildConfiguration;
			buildSettings = {
				ALWAYS_SEARCH_USER_PATHS = NO;
				CLANG_ANALYZER_NONNULL = YES;
				CLANG_ANALYZER_NUMBER_OBJECT_CONVERSION = YES_AGGRESSIVE;
				CLANG_CXX_LANGUAGE_STANDARD = "gnu++20";
				CLANG_ENABLE_MODULES = YES;
				CLANG_ENABLE_OBJC_ARC = YES;
				CLANG_ENABLE_OBJC_WEAK = YES;
				CLANG_WARN_BLOCK_CAPTURE_AUTORELEASING = YES;
				CLANG_WARN_BOOL_CONVERSION = YES;
				CLANG_WARN_COMMA = YES;
				CLANG_WARN_CONSTANT_CONVERSION = YES;
				CLANG_WARN_DEPRECATED_OBJC_IMPLEMENTATIONS = YES;
				CLANG_WARN_DIRECT_OBJC_ISA_USAGE = YES_ERROR;
				CLANG_WARN_DOCUMENTATION_COMMENTS = YES;
				CLANG_WARN_EMPTY_BODY = YES;
				CLANG_WARN_ENUM_CONVERSION = YES;
				CLANG_WARN_INFINITE_RECURSION = YES;
				CLANG_WARN_INT_CONVERSION = YES;
				CLANG_WARN_NON_LITERAL_NULL_CONVERSION = YES;
				CLANG_WARN_OBJC_IMPLICIT_RETAIN_SELF = YES;
				CLANG_WARN_OBJC_LITERAL_CONVERSION = YES;
				CLANG_WARN_OBJC_ROOT_CLASS = YES_ERROR;
				CLANG_WARN_QUOTED_INCLUDE_IN_FRAMEWORK_HEADER = YES;
				CLANG_WARN_RANGE_LOOP_ANALYSIS = YES;
				CLANG_WARN_STRICT_PROTOTYPES = YES;
				CLANG_WARN_SUSPICIOUS_MOVE = YES;
				CLANG_WARN_UNGUARDED_AVAILABILITY = YES_AGGRESSIVE;
				CLANG_WARN_UNREACHABLE_CODE = YES;
				CLANG_WARN__DUPLICATE_METHOD_MATCH = YES;
				COPY_PHASE_STRIP = NO;
				DEBUG_INFORMATION_FORMAT = dwarf;
				ENABLE_STRICT_OBJC_MSGSEND = YES;
				ENABLE_TESTABILITY = YES;
				GCC_C_LANGUAGE_STANDARD = gnu11;
				GCC_DYNAMIC_NO_PIC = NO;
				GCC_NO_COMMON_BLOCKS = YES;
				GCC_OPTIMIZATION_LEVEL = 0;
				GCC_PREPROCESSOR_DEFINITIONS = (
					"DEBUG=1",
					"$(inherited)",
				);
				GCC_WARN_64_TO_32_BIT_CONVERSION = YES;
				GCC_WARN_ABOUT_RETURN_TYPE = YES_ERROR;
				GCC_WARN_UNDECLARED_SELECTOR = YES;
				GCC_WARN_UNINITIALIZED_AUTOS = YES_AGGRESSIVE;
				GCC_WARN_UNUSED_FUNCTION = YES;
				GCC_WARN_UNUSED_VARIABLE = YES;
				IPHONEOS_DEPLOYMENT_TARGET = 16.0;
				MTL_ENABLE_DEBUG_INFO = INCLUDE_SOURCE;
				MTL_FAST_MATH = YES;
				ONLY_ACTIVE_ARCH = YES;
				SDKROOT = iphoneos;
				SWIFT_ACTIVE_COMPILATION_CONDITIONS = DEBUG;
				SWIFT_OPTIMIZATION_LEVEL = "-Onone";
			};
			name = Debug;
		};
		4B7BD6E328F765F300CEF11E /* Release */ = {
			isa = XCBuildConfiguration;
			buildSettings = {
				ALWAYS_SEARCH_USER_PATHS = NO;
				CLANG_ANALYZER_NONNULL = YES;
				CLANG_ANALYZER_NUMBER_OBJECT_CONVERSION = YES_AGGRESSIVE;
				CLANG_CXX_LANGUAGE_STANDARD = "gnu++20";
				CLANG_ENABLE_MODULES = YES;
				CLANG_ENABLE_OBJC_ARC = YES;
				CLANG_ENABLE_OBJC_WEAK = YES;
				CLANG_WARN_BLOCK_CAPTURE_AUTORELEASING = YES;
				CLANG_WARN_BOOL_CONVERSION = YES;
				CLANG_WARN_COMMA = YES;
				CLANG_WARN_CONSTANT_CONVERSION = YES;
				CLANG_WARN_DEPRECATED_OBJC_IMPLEMENTATIONS = YES;
				CLANG_WARN_DIRECT_OBJC_ISA_USAGE = YES_ERROR;
				CLANG_WARN_DOCUMENTATION_COMMENTS = YES;
				CLANG_WARN_EMPTY_BODY = YES;
				CLANG_WARN_ENUM_CONVERSION = YES;
				CLANG_WARN_INFINITE_RECURSION = YES;
				CLANG_WARN_INT_CONVERSION = YES;
				CLANG_WARN_NON_LITERAL_NULL_CONVERSION = YES;
				CLANG_WARN_OBJC_IMPLICIT_RETAIN_SELF = YES;
				CLANG_WARN_OBJC_LITERAL_CONVERSION = YES;
				CLANG_WARN_OBJC_ROOT_CLASS = YES_ERROR;
				CLANG_WARN_QUOTED_INCLUDE_IN_FRAMEWORK_HEADER = YES;
				CLANG_WARN_RANGE_LOOP_ANALYSIS = YES;
				CLANG_WARN_STRICT_PROTOTYPES = YES;
				CLANG_WARN_SUSPICIOUS_MOVE = YES;
				CLANG_WARN_UNGUARDED_AVAILABILITY = YES_AGGRESSIVE;
				CLANG_WARN_UNREACHABLE_CODE = YES;
				CLANG_WARN__DUPLICATE_METHOD_MATCH = YES;
				COPY_PHASE_STRIP = NO;
				DEBUG_INFORMATION_FORMAT = "dwarf-with-dsym";
				ENABLE_NS_ASSERTIONS = NO;
				ENABLE_STRICT_OBJC_MSGSEND = YES;
				GCC_C_LANGUAGE_STANDARD = gnu11;
				GCC_NO_COMMON_BLOCKS = YES;
				GCC_WARN_64_TO_32_BIT_CONVERSION = YES;
				GCC_WARN_ABOUT_RETURN_TYPE = YES_ERROR;
				GCC_WARN_UNDECLARED_SELECTOR = YES;
				GCC_WARN_UNINITIALIZED_AUTOS = YES_AGGRESSIVE;
				GCC_WARN_UNUSED_FUNCTION = YES;
				GCC_WARN_UNUSED_VARIABLE = YES;
				IPHONEOS_DEPLOYMENT_TARGET = 16.0;
				MTL_ENABLE_DEBUG_INFO = NO;
				MTL_FAST_MATH = YES;
				SDKROOT = iphoneos;
				SWIFT_COMPILATION_MODE = wholemodule;
				SWIFT_OPTIMIZATION_LEVEL = "-O";
				VALIDATE_PRODUCT = YES;
			};
			name = Release;
		};
		4B7BD6E528F765F300CEF11E /* Debug */ = {
			isa = XCBuildConfiguration;
			buildSettings = {
				ASSETCATALOG_COMPILER_APPICON_NAME = AppIcon;
				ASSETCATALOG_COMPILER_GLOBAL_ACCENT_COLOR_NAME = AccentColor;
				CODE_SIGN_STYLE = Automatic;
				CURRENT_PROJECT_VERSION = 1;
				DEVELOPMENT_TEAM = LX6HN92HPR;
				GENERATE_INFOPLIST_FILE = YES;
				INFOPLIST_FILE = ToiletsAppTestUIKit/Info.plist;
				INFOPLIST_KEY_UIApplicationSupportsIndirectInputEvents = YES;
				INFOPLIST_KEY_UILaunchStoryboardName = LaunchScreen;
				INFOPLIST_KEY_UIMainStoryboardFile = "";
				INFOPLIST_KEY_UISupportedInterfaceOrientations = UIInterfaceOrientationPortrait;
				INFOPLIST_KEY_UISupportedInterfaceOrientations_iPad = "UIInterfaceOrientationPortrait UIInterfaceOrientationPortraitUpsideDown";
				LD_RUNPATH_SEARCH_PATHS = (
					"$(inherited)",
					"@executable_path/Frameworks",
				);
				MARKETING_VERSION = 1.0;
				PRODUCT_BUNDLE_IDENTIFIER = com.kous92.ToiletsAppTestUIKit;
				PRODUCT_NAME = "$(TARGET_NAME)";
				SWIFT_EMIT_LOC_STRINGS = YES;
				SWIFT_VERSION = 5.0;
				TARGETED_DEVICE_FAMILY = "1,2";
			};
			name = Debug;
		};
		4B7BD6E628F765F300CEF11E /* Release */ = {
			isa = XCBuildConfiguration;
			buildSettings = {
				ASSETCATALOG_COMPILER_APPICON_NAME = AppIcon;
				ASSETCATALOG_COMPILER_GLOBAL_ACCENT_COLOR_NAME = AccentColor;
				CODE_SIGN_STYLE = Automatic;
				CURRENT_PROJECT_VERSION = 1;
				DEVELOPMENT_TEAM = LX6HN92HPR;
				GENERATE_INFOPLIST_FILE = YES;
				INFOPLIST_FILE = ToiletsAppTestUIKit/Info.plist;
				INFOPLIST_KEY_UIApplicationSupportsIndirectInputEvents = YES;
				INFOPLIST_KEY_UILaunchStoryboardName = LaunchScreen;
				INFOPLIST_KEY_UIMainStoryboardFile = "";
				INFOPLIST_KEY_UISupportedInterfaceOrientations = UIInterfaceOrientationPortrait;
				INFOPLIST_KEY_UISupportedInterfaceOrientations_iPad = "UIInterfaceOrientationPortrait UIInterfaceOrientationPortraitUpsideDown";
				LD_RUNPATH_SEARCH_PATHS = (
					"$(inherited)",
					"@executable_path/Frameworks",
				);
				MARKETING_VERSION = 1.0;
				PRODUCT_BUNDLE_IDENTIFIER = com.kous92.ToiletsAppTestUIKit;
				PRODUCT_NAME = "$(TARGET_NAME)";
				SWIFT_EMIT_LOC_STRINGS = YES;
				SWIFT_VERSION = 5.0;
				TARGETED_DEVICE_FAMILY = "1,2";
			};
			name = Release;
		};
/* End XCBuildConfiguration section */

/* Begin XCConfigurationList section */
		4B7BD6CB28F765F200CEF11E /* Build configuration list for PBXProject "ToiletsAppTestUIKit" */ = {
			isa = XCConfigurationList;
			buildConfigurations = (
				4B7BD6E228F765F300CEF11E /* Debug */,
				4B7BD6E328F765F300CEF11E /* Release */,
			);
			defaultConfigurationIsVisible = 0;
			defaultConfigurationName = Release;
		};
		4B7BD6E428F765F300CEF11E /* Build configuration list for PBXNativeTarget "ToiletsAppTestUIKit" */ = {
			isa = XCConfigurationList;
			buildConfigurations = (
				4B7BD6E528F765F300CEF11E /* Debug */,
				4B7BD6E628F765F300CEF11E /* Release */,
			);
			defaultConfigurationIsVisible = 0;
			defaultConfigurationName = Release;
		};
/* End XCConfigurationList section */
	};
	rootObject = 4B7BD6C828F765F200CEF11E /* Project object */;
}
